
Microsoft Visual Studio Solution File, Format Version 12.00
# Visual Studio 15
VisualStudioVersion = 15.0.28307.705
MinimumVisualStudioVersion = 10.0.40219.1
Project("{FAE04EC0-301F-11D3-BF4B-00C04F79EFBC}") = "App15.Android", "App15\App15.Android\App15.Android.csproj", "{60120475-2D85-4D75-A20F-B92AE50C921C}"
EndProject
Project("{FAE04EC0-301F-11D3-BF4B-00C04F79EFBC}") = "App15.iOS", "App15\App15.iOS\App15.iOS.csproj", "{46B3F069-CF67-427F-A53E-7B2AC66DD878}"
EndProject
Project("{9A19103F-16F7-4668-BE54-9A1E7A4F7556}") = "App15", "App15\App15\App15.csproj", "{B0BAFDAB-8C6C-4B21-AC63-1CE8D1EA6142}"
EndProject
Global
	GlobalSection(SolutionConfigurationPlatforms) = preSolution
		Ad-Hoc|Any CPU = Ad-Hoc|Any CPU
		Ad-Hoc|iPhone = Ad-Hoc|iPhone
		Ad-Hoc|iPhoneSimulator = Ad-Hoc|iPhoneSimulator
		AppStore|Any CPU = AppStore|Any CPU
		AppStore|iPhone = AppStore|iPhone
		AppStore|iPhoneSimulator = AppStore|iPhoneSimulator
		Debug|Any CPU = Debug|Any CPU
		Debug|iPhone = Debug|iPhone
		Debug|iPhoneSimulator = Debug|iPhoneSimulator
		Release|Any CPU = Release|Any CPU
		Release|iPhone = Release|iPhone
		Release|iPhoneSimulator = Release|iPhoneSimulator
	EndGlobalSection
	GlobalSection(ProjectConfigurationPlatforms) = postSolution
		{60120475-2D85-4D75-A20F-B92AE50C921C}.Ad-Hoc|Any CPU.ActiveCfg = Release|Any CPU
		{60120475-2D85-4D75-A20F-B92AE50C921C}.Ad-Hoc|Any CPU.Build.0 = Release|Any CPU
		{60120475-2D85-4D75-A20F-B92AE50C921C}.Ad-Hoc|Any CPU.Deploy.0 = Release|Any CPU
		{60120475-2D85-4D75-A20F-B92AE50C921C}.Ad-Hoc|iPhone.ActiveCfg = Release|Any CPU
		{60120475-2D85-4D75-A20F-B92AE50C921C}.Ad-Hoc|iPhone.Build.0 = Release|Any CPU
		{60120475-2D85-4D75-A20F-B92AE50C921C}.Ad-Hoc|iPhone.Deploy.0 = Release|Any CPU
		{60120475-2D85-4D75-A20F-B92AE50C921C}.Ad-Hoc|iPhoneSimulator.ActiveCfg = Release|Any CPU
		{60120475-2D85-4D75-A20F-B92AE50C921C}.Ad-Hoc|iPhoneSimulator.Build.0 = Release|Any CPU
		{60120475-2D85-4D75-A20F-B92AE50C921C}.Ad-Hoc|iPhoneSimulator.Deploy.0 = Release|Any CPU
		{60120475-2D85-4D75-A20F-B92AE50C921C}.AppStore|Any CPU.ActiveCfg = Release|Any CPU
		{60120475-2D85-4D75-A20F-B92AE50C921C}.AppStore|Any CPU.Build.0 = Release|Any CPU
		{60120475-2D85-4D75-A20F-B92AE50C921C}.AppStore|Any CPU.Deploy.0 = Release|Any CPU
		{60120475-2D85-4D75-A20F-B92AE50C921C}.AppStore|iPhone.ActiveCfg = Release|Any CPU
		{60120475-2D85-4D75-A20F-B92AE50C921C}.AppStore|iPhone.Build.0 = Release|Any CPU
		{60120475-2D85-4D75-A20F-B92AE50C921C}.AppStore|iPhone.Deploy.0 = Release|Any CPU
		{60120475-2D85-4D75-A20F-B92AE50C921C}.AppStore|iPhoneSimulator.ActiveCfg = Release|Any CPU
		{60120475-2D85-4D75-A20F-B92AE50C921C}.AppStore|iPhoneSimulator.Build.0 = Release|Any CPU
		{60120475-2D85-4D75-A20F-B92AE50C921C}.AppStore|iPhoneSimulator.Deploy.0 = Release|Any CPU
		{60120475-2D85-4D75-A20F-B92AE50C921C}.Debug|Any CPU.ActiveCfg = Debug|Any CPU
		{60120475-2D85-4D75-A20F-B92AE50C921C}.Debug|Any CPU.Build.0 = Debug|Any CPU
		{60120475-2D85-4D75-A20F-B92AE50C921C}.Debug|Any CPU.Deploy.0 = Debug|Any CPU
		{60120475-2D85-4D75-A20F-B92AE50C921C}.Debug|iPhone.ActiveCfg = Debug|Any CPU
		{60120475-2D85-4D75-A20F-B92AE50C921C}.Debug|iPhone.Build.0 = Debug|Any CPU
		{60120475-2D85-4D75-A20F-B92AE50C921C}.Debug|iPhone.Deploy.0 = Debug|Any CPU
		{60120475-2D85-4D75-A20F-B92AE50C921C}.Debug|iPhoneSimulator.ActiveCfg = Debug|Any CPU
		{60120475-2D85-4D75-A20F-B92AE50C921C}.Debug|iPhoneSimulator.Build.0 = Debug|Any CPU
		{60120475-2D85-4D75-A20F-B92AE50C921C}.Debug|iPhoneSimulator.Deploy.0 = Debug|Any CPU
		{60120475-2D85-4D75-A20F-B92AE50C921C}.Release|Any CPU.ActiveCfg = Release|Any CPU
		{60120475-2D85-4D75-A20F-B92AE50C921C}.Release|Any CPU.Build.0 = Release|Any CPU
		{60120475-2D85-4D75-A20F-B92AE50C921C}.Release|Any CPU.Deploy.0 = Release|Any CPU
		{60120475-2D85-4D75-A20F-B92AE50C921C}.Release|iPhone.ActiveCfg = Release|Any CPU
		{60120475-2D85-4D75-A20F-B92AE50C921C}.Release|iPhone.Build.0 = Release|Any CPU
		{60120475-2D85-4D75-A20F-B92AE50C921C}.Release|iPhone.Deploy.0 = Release|Any CPU
		{60120475-2D85-4D75-A20F-B92AE50C921C}.Release|iPhoneSimulator.ActiveCfg = Release|Any CPU
		{60120475-2D85-4D75-A20F-B92AE50C921C}.Release|iPhoneSimulator.Build.0 = Release|Any CPU
		{60120475-2D85-4D75-A20F-B92AE50C921C}.Release|iPhoneSimulator.Deploy.0 = Release|Any CPU
		{46B3F069-CF67-427F-A53E-7B2AC66DD878}.Ad-Hoc|Any CPU.ActiveCfg = Ad-Hoc|iPhone
		{46B3F069-CF67-427F-A53E-7B2AC66DD878}.Ad-Hoc|Any CPU.Build.0 = Ad-Hoc|iPhone
		{46B3F069-CF67-427F-A53E-7B2AC66DD878}.Ad-Hoc|Any CPU.Deploy.0 = Ad-Hoc|iPhone
		{46B3F069-CF67-427F-A53E-7B2AC66DD878}.Ad-Hoc|iPhone.ActiveCfg = Ad-Hoc|iPhone
		{46B3F069-CF67-427F-A53E-7B2AC66DD878}.Ad-Hoc|iPhone.Build.0 = Ad-Hoc|iPhone
		{46B3F069-CF67-427F-A53E-7B2AC66DD878}.Ad-Hoc|iPhone.Deploy.0 = Ad-Hoc|iPhone
		{46B3F069-CF67-427F-A53E-7B2AC66DD878}.Ad-Hoc|iPhoneSimulator.ActiveCfg = Ad-Hoc|iPhoneSimulator
		{46B3F069-CF67-427F-A53E-7B2AC66DD878}.Ad-Hoc|iPhoneSimulator.Build.0 = Ad-Hoc|iPhoneSimulator
		{46B3F069-CF67-427F-A53E-7B2AC66DD878}.Ad-Hoc|iPhoneSimulator.Deploy.0 = Ad-Hoc|iPhoneSimulator
		{46B3F069-CF67-427F-A53E-7B2AC66DD878}.AppStore|Any CPU.ActiveCfg = AppStore|iPhone
		{46B3F069-CF67-427F-A53E-7B2AC66DD878}.AppStore|Any CPU.Build.0 = AppStore|iPhone
		{46B3F069-CF67-427F-A53E-7B2AC66DD878}.AppStore|Any CPU.Deploy.0 = AppStore|iPhone
		{46B3F069-CF67-427F-A53E-7B2AC66DD878}.AppStore|iPhone.ActiveCfg = AppStore|iPhone
		{46B3F069-CF67-427F-A53E-7B2AC66DD878}.AppStore|iPhone.Build.0 = AppStore|iPhone
		{46B3F069-CF67-427F-A53E-7B2AC66DD878}.AppStore|iPhone.Deploy.0 = AppStore|iPhone
		{46B3F069-CF67-427F-A53E-7B2AC66DD878}.AppStore|iPhoneSimulator.ActiveCfg = AppStore|iPhoneSimulator
		{46B3F069-CF67-427F-A53E-7B2AC66DD878}.AppStore|iPhoneSimulator.Build.0 = AppStore|iPhoneSimulator
		{46B3F069-CF67-427F-A53E-7B2AC66DD878}.AppStore|iPhoneSimulator.Deploy.0 = AppStore|iPhoneSimulator
		{46B3F069-CF67-427F-A53E-7B2AC66DD878}.Debug|Any CPU.ActiveCfg = Debug|iPhoneSimulator
		{46B3F069-CF67-427F-A53E-7B2AC66DD878}.Debug|Any CPU.Build.0 = Debug|iPhoneSimulator
		{46B3F069-CF67-427F-A53E-7B2AC66DD878}.Debug|Any CPU.Deploy.0 = Debug|iPhoneSimulator
		{46B3F069-CF67-427F-A53E-7B2AC66DD878}.Debug|iPhone.ActiveCfg = Debug|iPhone
		{46B3F069-CF67-427F-A53E-7B2AC66DD878}.Debug|iPhone.Build.0 = Debug|iPhone
		{46B3F069-CF67-427F-A53E-7B2AC66DD878}.Debug|iPhone.Deploy.0 = Debug|iPhone
		{46B3F069-CF67-427F-A53E-7B2AC66DD878}.Debug|iPhoneSimulator.ActiveCfg = Debug|iPhoneSimulator
		{46B3F069-CF67-427F-A53E-7B2AC66DD878}.Debug|iPhoneSimulator.Build.0 = Debug|iPhoneSimulator
		{46B3F069-CF67-427F-A53E-7B2AC66DD878}.Debug|iPhoneSimulator.Deploy.0 = Debug|iPhoneSimulator
		{46B3F069-CF67-427F-A53E-7B2AC66DD878}.Release|Any CPU.ActiveCfg = Release|iPhone
		{46B3F069-CF67-427F-A53E-7B2AC66DD878}.Release|Any CPU.Build.0 = Release|iPhone
		{46B3F069-CF67-427F-A53E-7B2AC66DD878}.Release|Any CPU.Deploy.0 = Release|iPhone
		{46B3F069-CF67-427F-A53E-7B2AC66DD878}.Release|iPhone.ActiveCfg = Release|iPhone
		{46B3F069-CF67-427F-A53E-7B2AC66DD878}.Release|iPhone.Build.0 = Release|iPhone
		{46B3F069-CF67-427F-A53E-7B2AC66DD878}.Release|iPhone.Deploy.0 = Release|iPhone
		{46B3F069-CF67-427F-A53E-7B2AC66DD878}.Release|iPhoneSimulator.ActiveCfg = Release|iPhoneSimulator
		{46B3F069-CF67-427F-A53E-7B2AC66DD878}.Release|iPhoneSimulator.Build.0 = Release|iPhoneSimulator
		{46B3F069-CF67-427F-A53E-7B2AC66DD878}.Release|iPhoneSimulator.Deploy.0 = Release|iPhoneSimulator
		{B0BAFDAB-8C6C-4B21-AC63-1CE8D1EA6142}.Ad-Hoc|Any CPU.ActiveCfg = Debug|Any CPU
		{B0BAFDAB-8C6C-4B21-AC63-1CE8D1EA6142}.Ad-Hoc|Any CPU.Build.0 = Debug|Any CPU
		{B0BAFDAB-8C6C-4B21-AC63-1CE8D1EA6142}.Ad-Hoc|Any CPU.Deploy.0 = Debug|Any CPU
		{B0BAFDAB-8C6C-4B21-AC63-1CE8D1EA6142}.Ad-Hoc|iPhone.ActiveCfg = Debug|Any CPU
		{B0BAFDAB-8C6C-4B21-AC63-1CE8D1EA6142}.Ad-Hoc|iPhone.Build.0 = Debug|Any CPU
		{B0BAFDAB-8C6C-4B21-AC63-1CE8D1EA6142}.Ad-Hoc|iPhone.Deploy.0 = Debug|Any CPU
		{B0BAFDAB-8C6C-4B21-AC63-1CE8D1EA6142}.Ad-Hoc|iPhoneSimulator.ActiveCfg = Debug|Any CPU
		{B0BAFDAB-8C6C-4B21-AC63-1CE8D1EA6142}.Ad-Hoc|iPhoneSimulator.Build.0 = Debug|Any CPU
		{B0BAFDAB-8C6C-4B21-AC63-1CE8D1EA6142}.Ad-Hoc|iPhoneSimulator.Deploy.0 = Debug|Any CPU
		{B0BAFDAB-8C6C-4B21-AC63-1CE8D1EA6142}.AppStore|Any CPU.ActiveCfg = Debug|Any CPU
		{B0BAFDAB-8C6C-4B21-AC63-1CE8D1EA6142}.AppStore|Any CPU.Build.0 = Debug|Any CPU
		{B0BAFDAB-8C6C-4B21-AC63-1CE8D1EA6142}.AppStore|Any CPU.Deploy.0 = Debug|Any CPU
		{B0BAFDAB-8C6C-4B21-AC63-1CE8D1EA6142}.AppStore|iPhone.ActiveCfg = Debug|Any CPU
		{B0BAFDAB-8C6C-4B21-AC63-1CE8D1EA6142}.AppStore|iPhone.Build.0 = Debug|Any CPU
		{B0BAFDAB-8C6C-4B21-AC63-1CE8D1EA6142}.AppStore|iPhone.Deploy.0 = Debug|Any CPU
		{B0BAFDAB-8C6C-4B21-AC63-1CE8D1EA6142}.AppStore|iPhoneSimulator.ActiveCfg = Debug|Any CPU
		{B0BAFDAB-8C6C-4B21-AC63-1CE8D1EA6142}.AppStore|iPhoneSimulator.Build.0 = Debug|Any CPU
		{B0BAFDAB-8C6C-4B21-AC63-1CE8D1EA6142}.AppStore|iPhoneSimulator.Deploy.0 = Debug|Any CPU
		{B0BAFDAB-8C6C-4B21-AC63-1CE8D1EA6142}.Debug|Any CPU.ActiveCfg = Debug|Any CPU
		{B0BAFDAB-8C6C-4B21-AC63-1CE8D1EA6142}.Debug|Any CPU.Build.0 = Debug|Any CPU
		{B0BAFDAB-8C6C-4B21-AC63-1CE8D1EA6142}.Debug|Any CPU.Deploy.0 = Debug|Any CPU
		{B0BAFDAB-8C6C-4B21-AC63-1CE8D1EA6142}.Debug|iPhone.ActiveCfg = Debug|Any CPU
		{B0BAFDAB-8C6C-4B21-AC63-1CE8D1EA6142}.Debug|iPhone.Build.0 = Debug|Any CPU
		{B0BAFDAB-8C6C-4B21-AC63-1CE8D1EA6142}.Debug|iPhone.Deploy.0 = Debug|Any CPU
		{B0BAFDAB-8C6C-4B21-AC63-1CE8D1EA6142}.Debug|iPhoneSimulator.ActiveCfg = Debug|Any CPU
		{B0BAFDAB-8C6C-4B21-AC63-1CE8D1EA6142}.Debug|iPhoneSimulator.Build.0 = Debug|Any CPU
		{B0BAFDAB-8C6C-4B21-AC63-1CE8D1EA6142}.Debug|iPhoneSimulator.Deploy.0 = Debug|Any CPU
		{B0BAFDAB-8C6C-4B21-AC63-1CE8D1EA6142}.Release|Any CPU.ActiveCfg = Release|Any CPU
		{B0BAFDAB-8C6C-4B21-AC63-1CE8D1EA6142}.Release|Any CPU.Build.0 = Release|Any CPU
		{B0BAFDAB-8C6C-4B21-AC63-1CE8D1EA6142}.Release|Any CPU.Deploy.0 = Release|Any CPU
		{B0BAFDAB-8C6C-4B21-AC63-1CE8D1EA6142}.Release|iPhone.ActiveCfg = Release|Any CPU
		{B0BAFDAB-8C6C-4B21-AC63-1CE8D1EA6142}.Release|iPhone.Build.0 = Release|Any CPU
		{B0BAFDAB-8C6C-4B21-AC63-1CE8D1EA6142}.Release|iPhone.Deploy.0 = Release|Any CPU
		{B0BAFDAB-8C6C-4B21-AC63-1CE8D1EA6142}.Release|iPhoneSimulator.ActiveCfg = Release|Any CPU
		{B0BAFDAB-8C6C-4B21-AC63-1CE8D1EA6142}.Release|iPhoneSimulator.Build.0 = Release|Any CPU
		{B0BAFDAB-8C6C-4B21-AC63-1CE8D1EA6142}.Release|iPhoneSimulator.Deploy.0 = Release|Any CPU
	EndGlobalSection
	GlobalSection(SolutionProperties) = preSolution
		HideSolutionNode = FALSE
	EndGlobalSection
	GlobalSection(ExtensibilityGlobals) = postSolution
		SolutionGuid = {1244E22D-7231-4D09-B881-C3A215FF2F8C}
	EndGlobalSection
EndGlobal
